
Microsoft Visual Studio Solution File, Format Version 12.00
# Visual Studio Version 17
VisualStudioVersion = 17.8.34525.116
MinimumVisualStudioVersion = 10.0.40219.1
Project("{9A19103F-16F7-4668-BE54-9A1E7A4F7556}") = "KhumaloCraft Emporium", "KhumaloCraft Emporium.csproj", "{1582CD5A-9B6C-434B-BE1B-B276D8891797}"
EndProject
Project("{2150E333-8FDC-42A3-9474-1A3956D46DE8}") = "Solution Items", "Solution Items", "{D8F14675-F47B-4F3A-A698-15BECB0AE401}"
EndProject
Global
	GlobalSection(SolutionConfigurationPlatforms) = preSolution
		Debug|Any CPU = Debug|Any CPU
		Release|Any CPU = Release|Any CPU
	EndGlobalSection
	GlobalSection(ProjectConfigurationPlatforms) = postSolution
		{1582CD5A-9B6C-434B-BE1B-B276D8891797}.Debug|Any CPU.ActiveCfg = Debug|Any CPU
		{1582CD5A-9B6C-434B-BE1B-B276D8891797}.Debug|Any CPU.Build.0 = Debug|Any CPU
		{1582CD5A-9B6C-434B-BE1B-B276D8891797}.Release|Any CPU.ActiveCfg = Release|Any CPU
		{1582CD5A-9B6C-434B-BE1B-B276D8891797}.Release|Any CPU.Build.0 = Release|Any CPU
	EndGlobalSection
	GlobalSection(SolutionProperties) = preSolution
		HideSolutionNode = FALSE
	EndGlobalSection
	GlobalSection(ExtensibilityGlobals) = postSolution
		SolutionGuid = {39325CD8-B4FE-4882-B0E6-F47B9FAD0004}
	EndGlobalSection
EndGlobal
